dependencies:
  espressif/ethernet_init:
    component_hash: 6268f857d06a1c414d38d38d74632e0d94074f8f653106bfa4a1d475a74f8fe0
    dependencies:
    - matches:
      - if: $CONFIG{ETHERNET_SPI_USE_CH390} == 1
      name: espressif/ch390
      registry_url: https://components.espressif.com
      require: private
      version: ^0.4.0
    - matches:
      - if: $CONFIG{ETHERNET_SPI_USE_DM9051} == 1
      name: espressif/dm9051
      registry_url: https://components.espressif.com
      require: private
      rules:
      - if: idf_version >=6.0
        version: ^1.0.0
      version: '*'
    - matches:
      - if: idf_version >=6.0
        version: ^1.0.0
      name: espressif/dp83848
      registry_url: https://components.espressif.com
      require: private
      rules:
      - if: $CONFIG{ETHERNET_SOC_EMAC_SUPPORTED} == 1
      - if: $CONFIG{ETHERNET_PHY_USE_DP83848} == 1
      version: '*'
    - matches:
      - if: $CONFIG{ETHERNET_SPI_USE_ENC28J60} == 1
      name: espressif/enc28j60
      registry_url: https://components.espressif.com
      require: private
      version: ^1.0.0
    - matches:
      - if: idf_version >=6.0
        version: ^1.0.0
      name: espressif/ip101
      registry_url: https://components.espressif.com
      require: private
      rules:
      - if: $CONFIG{ETHERNET_SOC_EMAC_SUPPORTED} == 1
      - if: $CONFIG{ETHERNET_PHY_USE_IP101} == 1
      version: '*'
    - matches:
      - if: idf_version >=6.0
        version: ^1.0.0
      name: espressif/ksz80xx
      registry_url: https://components.espressif.com
      require: private
      rules:
      - if: $CONFIG{ETHERNET_SOC_EMAC_SUPPORTED} == 1
      - if: $CONFIG{ETHERNET_PHY_USE_KSZ80XX} == 1
      version: '*'
    - matches:
      - if: $CONFIG{ETHERNET_SPI_USE_KSZ8851SNL} == 1
      name: espressif/ksz8851snl
      registry_url: https://components.espressif.com
      require: private
      rules:
      - if: idf_version >=6.0
        version: ^1.0.0
      version: '*'
    - matches:
      - if: $CONFIG{ETHERNET_SPI_USE_LAN865X} == 1
      name: espressif/lan865x
      registry_url: https://components.espressif.com
      require: private
      version: ^0.2.0
    - name: espressif/lan867x
      registry_url: https://components.espressif.com
      require: private
      rules:
      - if: $CONFIG{ETHERNET_SOC_EMAC_SUPPORTED} == 1
      - if: $CONFIG{ETHERNET_PHY_USE_LAN867X} == 1
      version: ^2.0.0
    - matches:
      - if: idf_version >=6.0
        version: ^1.0.0
      name: espressif/lan87xx
      registry_url: https://components.espressif.com
      require: private
      rules:
      - if: $CONFIG{ETHERNET_SOC_EMAC_SUPPORTED} == 1
      - if: $CONFIG{ETHERNET_PHY_USE_LAN87XX} == 1
      version: '*'
    - matches:
      - if: idf_version >=6.0
        version: ^1.0.0
      name: espressif/rtl8201
      registry_url: https://components.espressif.com
      require: private
      rules:
      - if: $CONFIG{ETHERNET_SOC_EMAC_SUPPORTED} == 1
      - if: $CONFIG{ETHERNET_PHY_USE_RTL8201} == 1
      version: '*'
    - matches:
      - if: idf_version >=6.1
        version: ^0.2.0
      name: espressif/vsc8541
      registry_url: https://components.espressif.com
      require: private
      rules:
      - if: $CONFIG{ETHERNET_SOC_EMAC_SUPPORTED} == 1
      - if: $CONFIG{ETHERNET_PHY_USE_VSC8541} == 1
      version: '*'
    - matches:
      - if: $CONFIG{ETHERNET_SPI_USE_W5500} == 1
      name: espressif/w5500
      registry_url: https://components.espressif.com
      require: private
      rules:
      - if: idf_version >=6.0
        version: ^2.0.0
      version: '*'
    - matches:
      - if: $CONFIG{ETHERNET_SPI_USE_W6100} == 1
      name: espressif/w6100
      registry_url: https://components.espressif.com
      require: private
      version: ^1.0.0
    - matches:
      - if: idf_version >=6.1
        version: ^0.2.0
      name: espressif/yt8531
      registry_url: https://components.espressif.com
      require: private
      rules:
      - if: $CONFIG{ETHERNET_SOC_EMAC_SUPPORTED} == 1
      - if: $CONFIG{ETHERNET_SOC_EMAC_SUPPORT_1000M} == 1
      - if: $CONFIG{ETHERNET_PHY_USE_YT8531} == 1
      version: '*'
    - name: idf
      require: private
      version: '>=5.4.3,!=5.5.0,!=5.5.1'
    source:
      registry_url: https://components.espressif.com/
      type: service
    version: 1.4.1
  espressif/mdns:
    component_hash: e81ca7a7f53ea34e78274df054da692c272e1315572876b237b1748e267c013b
    dependencies:
    - name: idf
      require: private
      version: '>=5.0'
    source:
      registry_url: https://components.espressif.com/
      type: service
    version: 1.11.3
  espressif/w5500:
    component_hash: b5f5b466dd0b8f1f2de7ac5b7e4a364e993daf40c999044a54fb545e25be8aba
    dependencies:
    - name: espressif/wiznet_common
      registry_url: https://components.espressif.com
      require: private
      version: ^1.0.0
    - name: idf
      require: private
      version: '>=6.0'
    source:
      registry_url: https://components.espressif.com
      type: service
    version: 2.0.0
  espressif/wifi_aware:
    component_hash: 8507ecc788d489e76f50ba7301e672cbfda3187865dec184fc9a9c832dcfc8d2
    dependencies:
    - name: idf
      require: private
      version: '>=5.2'
    source:
      registry_url: https://components.espressif.com/
      type: service
    version: 0.0.1
  espressif/wiznet_common:
    component_hash: 57414f4b8ce11295c03030da7ff3ef90184e07b3ba1e8985b5edb2461e9be780
    dependencies:
    - name: idf
      require: private
      version: '>=5.3'
    source:
      registry_url: https://components.espressif.com
      type: service
    version: 1.0.0
  idf:
    source:
      type: idf
    version: 6.2.0
  johboh/nlohmann-json:
    component_hash: 2a97e10124d755da820b0381e36a9a6504574328f262964ccea3f8b2f228fc66
    dependencies:
    - name: idf
      require: private
      version: '>=4.4'
    source:
      registry_url: https://components.espressif.com/
      type: service
    version: 3.12.0
direct_dependencies:
- espressif/ethernet_init
- espressif/mdns
- espressif/wifi_aware
- johboh/nlohmann-json
manifest_hash: b92166170d780b93480169227b49a93419c75863289658bd211cf2388fcdab4a
target: esp32c5
version: 3.0.0
